
Microsoft Visual Studio Solution File, Format Version 9.00
# Visual Studio 2005
Project("{8BC9CEB8-8B4A-11D0-8D11-00A0C91BC942}") = "ffmpeg_test", "ffmpeg_test\ffmpeg_test.vcproj", "{66B5B528-0DA3-4F20-8865-1F8A3CF4FCDE}"
EndProject
Project("{8BC9CEB8-8B4A-11D0-8D11-00A0C91BC942}") = "ffmpeg_lib", "ffmpeg_lib\ffmpeg_lib.vcproj", "{AE605260-0723-47A5-AC3C-C5F47920D544}"
EndProject
Project("{8BC9CEB8-8B4A-11D0-8D11-00A0C91BC942}") = "ffmpeg_resample", "ffmpeg_resample\ffmpeg_resample.vcproj", "{3BCC1673-66A0-4218-882D-417A62F92814}"
	ProjectSection(ProjectDependencies) = postProject
		{AE605260-0723-47A5-AC3C-C5F47920D544} = {AE605260-0723-47A5-AC3C-C5F47920D544}
	EndProjectSection
EndProject
Project("{8BC9CEB8-8B4A-11D0-8D11-00A0C91BC942}") = "mp2_decode", "mp2_decode\mp2_decode.vcproj", "{16469045-F6DE-4DAC-91EE-4DFF1B8F52C5}"
EndProject
Project("{8BC9CEB8-8B4A-11D0-8D11-00A0C91BC942}") = "mp2_decode_test", "mp2_decode_test\mp2_decode_test.vcproj", "{248BBF4C-BDCF-45E8-A7A6-DA2D31335121}"
	ProjectSection(ProjectDependencies) = postProject
		{16469045-F6DE-4DAC-91EE-4DFF1B8F52C5} = {16469045-F6DE-4DAC-91EE-4DFF1B8F52C5}
	EndProjectSection
EndProject
Global
	GlobalSection(SolutionConfigurationPlatforms) = preSolution
		Debug|Win32 = Debug|Win32
		Release|Win32 = Release|Win32
	EndGlobalSection
	GlobalSection(ProjectConfigurationPlatforms) = postSolution
		{66B5B528-0DA3-4F20-8865-1F8A3CF4FCDE}.Debug|Win32.ActiveCfg = Debug|Win32
		{66B5B528-0DA3-4F20-8865-1F8A3CF4FCDE}.Debug|Win32.Build.0 = Debug|Win32
		{66B5B528-0DA3-4F20-8865-1F8A3CF4FCDE}.Release|Win32.ActiveCfg = Release|Win32
		{66B5B528-0DA3-4F20-8865-1F8A3CF4FCDE}.Release|Win32.Build.0 = Release|Win32
		{AE605260-0723-47A5-AC3C-C5F47920D544}.Debug|Win32.ActiveCfg = Debug|Win32
		{AE605260-0723-47A5-AC3C-C5F47920D544}.Debug|Win32.Build.0 = Debug|Win32
		{AE605260-0723-47A5-AC3C-C5F47920D544}.Release|Win32.ActiveCfg = Release|Win32
		{AE605260-0723-47A5-AC3C-C5F47920D544}.Release|Win32.Build.0 = Release|Win32
		{3BCC1673-66A0-4218-882D-417A62F92814}.Debug|Win32.ActiveCfg = Debug|Win32
		{3BCC1673-66A0-4218-882D-417A62F92814}.Debug|Win32.Build.0 = Debug|Win32
		{3BCC1673-66A0-4218-882D-417A62F92814}.Release|Win32.ActiveCfg = Release|Win32
		{3BCC1673-66A0-4218-882D-417A62F92814}.Release|Win32.Build.0 = Release|Win32
		{16469045-F6DE-4DAC-91EE-4DFF1B8F52C5}.Debug|Win32.ActiveCfg = Debug|Win32
		{16469045-F6DE-4DAC-91EE-4DFF1B8F52C5}.Debug|Win32.Build.0 = Debug|Win32
		{16469045-F6DE-4DAC-91EE-4DFF1B8F52C5}.Release|Win32.ActiveCfg = Release|Win32
		{16469045-F6DE-4DAC-91EE-4DFF1B8F52C5}.Release|Win32.Build.0 = Release|Win32
		{248BBF4C-BDCF-45E8-A7A6-DA2D31335121}.Debug|Win32.ActiveCfg = Debug|Win32
		{248BBF4C-BDCF-45E8-A7A6-DA2D31335121}.Debug|Win32.Build.0 = Debug|Win32
		{248BBF4C-BDCF-45E8-A7A6-DA2D31335121}.Release|Win32.ActiveCfg = Release|Win32
		{248BBF4C-BDCF-45E8-A7A6-DA2D31335121}.Release|Win32.Build.0 = Release|Win32
	EndGlobalSection
	GlobalSection(SolutionProperties) = preSolution
		HideSolutionNode = FALSE
	EndGlobalSection
EndGlobal
