
Microsoft Visual Studio Solution File, Format Version 9.00
# Visual Studio 2005
Project("{8BC9CEB8-8B4A-11D0-8D11-00A0C91BC942}") = "ffmpeg_test", "ffmpeg_test\ffmpeg_test.vcproj", "{66B5B528-0DA3-4F20-8865-1F8A3CF4FCDE}"
EndProject
Project("{8BC9CEB8-8B4A-11D0-8D11-00A0C91BC942}") = "ffmpeg_lib", "ffmpeg_lib\ffmpeg_lib.vcproj", "{AE605260-0723-47A5-AC3C-C5F47920D544}"
EndProject
Project("{8BC9CEB8-8B4A-11D0-8D11-00A0C91BC942}") = "ffmpeg_resample", "ffmpeg_resample\ffmpeg_resample.vcproj", "{3BCC1673-66A0-4218-882D-417A62F92814}"
EndProject
Global
	GlobalSection(SolutionConfigurationPlatforms) = preSolution
		Debug|Win32 = Debug|Win32
		Release|Win32 = Release|Win32
	EndGlobalSection
	GlobalSection(ProjectConfigurationPlatforms) = postSolution
		{66B5B528-0DA3-4F20-8865-1F8A3CF4FCDE}.Debug|Win32.ActiveCfg = Debug|Win32
		{66B5B528-0DA3-4F20-8865-1F8A3CF4FCDE}.Debug|Win32.Build.0 = Debug|Win32
		{66B5B528-0DA3-4F20-8865-1F8A3CF4FCDE}.Release|Win32.ActiveCfg = Release|Win32
		{66B5B528-0DA3-4F20-8865-1F8A3CF4FCDE}.Release|Win32.Build.0 = Release|Win32
		{AE605260-0723-47A5-AC3C-C5F47920D544}.Debug|Win32.ActiveCfg = Debug|Win32
		{AE605260-0723-47A5-AC3C-C5F47920D544}.Debug|Win32.Build.0 = Debug|Win32
		{AE605260-0723-47A5-AC3C-C5F47920D544}.Release|Win32.ActiveCfg = Release|Win32
		{AE605260-0723-47A5-AC3C-C5F47920D544}.Release|Win32.Build.0 = Release|Win32
		{3BCC1673-66A0-4218-882D-417A62F92814}.Debug|Win32.ActiveCfg = Debug|Win32
		{3BCC1673-66A0-4218-882D-417A62F92814}.Debug|Win32.Build.0 = Debug|Win32
		{3BCC1673-66A0-4218-882D-417A62F92814}.Release|Win32.ActiveCfg = Release|Win32
		{3BCC1673-66A0-4218-882D-417A62F92814}.Release|Win32.Build.0 = Release|Win32
	EndGlobalSection
	GlobalSection(SolutionProperties) = preSolution
		HideSolutionNode = FALSE
	EndGlobalSection
EndGlobal
